// !$*UTF8*$!
{
	archiveVersion = 1;
	classes = {
	};
	objectVersion = 46;
	objects = {

/* Begin PBXBuildFile section */
		C3068BCE1C8418F000F88455 /* main.m in Sources */ = {isa = PBXBuildFile; fileRef = C3068BCD1C8418F000F88455 /* main.m */; };
		C3068BD11C8418F000F88455 /* AppDelegate.m in Sources */ = {isa = PBXBuildFile; fileRef = C3068BD01C8418F000F88455 /* AppDelegate.m */; };
		C3068BD91C8418F000F88455 /* Assets.xcassets in Resources */ = {isa = PBXBuildFile; fileRef = C3068BD81C8418F000F88455 /* Assets.xcassets */; };
		C3068BDC1C8418F000F88455 /* LaunchScreen.storyboard in Resources */ = {isa = PBXBuildFile; fileRef = C3068BDA1C8418F000F88455 /* LaunchScreen.storyboard */; };
		C3068BE81C84192C00F88455 /* UITableViewCell+WHC_AutoHeightForCell.m in Sources */ = {isa = PBXBuildFile; fileRef = C3068BE51C84192C00F88455 /* UITableViewCell+WHC_AutoHeightForCell.m */; };
		C3068BE91C84192C00F88455 /* UIView+WHC_AutoLayout.m in Sources */ = {isa = PBXBuildFile; fileRef = C3068BE71C84192C00F88455 /* UIView+WHC_AutoLayout.m */; };
		C3068BEF1C8419A400F88455 /* MainVC.m in Sources */ = {isa = PBXBuildFile; fileRef = C3068BEC1C8419A400F88455 /* MainVC.m */; };
		C3068BF01C8419A400F88455 /* MainVCCell.m in Sources */ = {isa = PBXBuildFile; fileRef = C3068BEE1C8419A400F88455 /* MainVCCell.m */; };
		C3068BF71C841B5000F88455 /* DemoVC1.m in Sources */ = {isa = PBXBuildFile; fileRef = C3068BF61C841B5000F88455 /* DemoVC1.m */; };
		C3068BFA1C841C4D00F88455 /* DemoVC2.m in Sources */ = {isa = PBXBuildFile; fileRef = C3068BF91C841C4D00F88455 /* DemoVC2.m */; };
		C3068BFD1C841CA800F88455 /* DemoVC2Cell.m in Sources */ = {isa = PBXBuildFile; fileRef = C3068BFC1C841CA800F88455 /* DemoVC2Cell.m */; };
		C3068C001C841D8E00F88455 /* DemoVC3.m in Sources */ = {isa = PBXBuildFile; fileRef = C3068BFF1C841D8E00F88455 /* DemoVC3.m */; };
		C3068C031C84203500F88455 /* DemoVC4.m in Sources */ = {isa = PBXBuildFile; fileRef = C3068C021C84203500F88455 /* DemoVC4.m */; };
		C3068C071C8420F200F88455 /* DemoVC5.m in Sources */ = {isa = PBXBuildFile; fileRef = C3068C061C8420F200F88455 /* DemoVC5.m */; };
		C3068C0C1C8426FA00F88455 /* a.gif in Resources */ = {isa = PBXBuildFile; fileRef = C3068C091C8426FA00F88455 /* a.gif */; };
		C3068C0D1C8426FA00F88455 /* b.gif in Resources */ = {isa = PBXBuildFile; fileRef = C3068C0A1C8426FA00F88455 /* b.gif */; };
		C3068C0E1C8426FA00F88455 /* c.gif in Resources */ = {isa = PBXBuildFile; fileRef = C3068C0B1C8426FA00F88455 /* c.gif */; };
		C3068C101C84271300F88455 /* README.md in Sources */ = {isa = PBXBuildFile; fileRef = C3068C0F1C84271300F88455 /* README.md */; };
/* End PBXBuildFile section */

/* Begin PBXFileReference section */
		C3068BC91C8418F000F88455 /* WHC_AutoLayoutExample.app */ = {isa = PBXFileReference; explicitFileType = wrapper.application; includeInIndex = 0; path = WHC_AutoLayoutExample.app; sourceTree = BUILT_PRODUCTS_DIR; };
		C3068BCD1C8418F000F88455 /* main.m */ = {isa = PBXFileReference; lastKnownFileType = sourcecode.c.objc; path = main.m; sourceTree = "<group>"; };
		C3068BCF1C8418F000F88455 /* AppDelegate.h */ = {isa = PBXFileReference; lastKnownFileType = sourcecode.c.h; path = AppDelegate.h; sourceTree = "<group>"; };
		C3068BD01C8418F000F88455 /* AppDelegate.m */ = {isa = PBXFileReference; lastKnownFileType = sourcecode.c.objc; path = AppDelegate.m; sourceTree = "<group>"; };
		C3068BD81C8418F000F88455 /* Assets.xcassets */ = {isa = PBXFileReference; lastKnownFileType = folder.assetcatalog; path = Assets.xcassets; sourceTree = "<group>"; };
		C3068BDB1C8418F000F88455 /* Base */ = {isa = PBXFileReference; lastKnownFileType = file.storyboard; name = Base; path = Base.lproj/LaunchScreen.storyboard; sourceTree = "<group>"; };
		C3068BDD1C8418F000F88455 /* Info.plist */ = {isa = PBXFileReference; lastKnownFileType = text.plist.xml; path = Info.plist; sourceTree = "<group>"; };
		C3068BE41C84192C00F88455 /* UITableViewCell+WHC_AutoHeightForCell.h */ = {isa = PBXFileReference; fileEncoding = 4; lastKnownFileType = sourcecode.c.h; path = "UITableViewCell+WHC_AutoHeightForCell.h"; sourceTree = "<group>"; };
		C3068BE51C84192C00F88455 /* UITableViewCell+WHC_AutoHeightForCell.m */ = {isa = PBXFileReference; fileEncoding = 4; lastKnownFileType = sourcecode.c.objc; path = "UITableViewCell+WHC_AutoHeightForCell.m"; sourceTree = "<group>"; };
		C3068BE61C84192C00F88455 /* UIView+WHC_AutoLayout.h */ = {isa = PBXFileReference; fileEncoding = 4; lastKnownFileType = sourcecode.c.h; path = "UIView+WHC_AutoLayout.h"; sourceTree = "<group>"; };
		C3068BE71C84192C00F88455 /* UIView+WHC_AutoLayout.m */ = {isa = PBXFileReference; fileEncoding = 4; lastKnownFileType = sourcecode.c.objc; path = "UIView+WHC_AutoLayout.m"; sourceTree = "<group>"; };
		C3068BEB1C8419A400F88455 /* MainVC.h */ = {isa = PBXFileReference; fileEncoding = 4; lastKnownFileType = sourcecode.c.h; path = MainVC.h; sourceTree = "<group>"; };
		C3068BEC1C8419A400F88455 /* MainVC.m */ = {isa = PBXFileReference; fileEncoding = 4; lastKnownFileType = sourcecode.c.objc; path = MainVC.m; sourceTree = "<group>"; };
		C3068BED1C8419A400F88455 /* MainVCCell.h */ = {isa = PBXFileReference; fileEncoding = 4; lastKnownFileType = sourcecode.c.h; path = MainVCCell.h; sourceTree = "<group>"; };
		C3068BEE1C8419A400F88455 /* MainVCCell.m */ = {isa = PBXFileReference; fileEncoding = 4; lastKnownFileType = sourcecode.c.objc; path = MainVCCell.m; sourceTree = "<group>"; };
		C3068BF51C841B5000F88455 /* DemoVC1.h */ = {isa = PBXFileReference; fileEncoding = 4; lastKnownFileType = sourcecode.c.h; path = DemoVC1.h; sourceTree = "<group>"; };
		C3068BF61C841B5000F88455 /* DemoVC1.m */ = {isa = PBXFileReference; fileEncoding = 4; lastKnownFileType = sourcecode.c.objc; path = DemoVC1.m; sourceTree = "<group>"; };
		C3068BF81C841C4D00F88455 /* DemoVC2.h */ = {isa = PBXFileReference; fileEncoding = 4; lastKnownFileType = sourcecode.c.h; path = DemoVC2.h; sourceTree = "<group>"; };
		C3068BF91C841C4D00F88455 /* DemoVC2.m */ = {isa = PBXFileReference; fileEncoding = 4; lastKnownFileType = sourcecode.c.objc; path = DemoVC2.m; sourceTree = "<group>"; };
		C3068BFB1C841CA800F88455 /* DemoVC2Cell.h */ = {isa = PBXFileReference; fileEncoding = 4; lastKnownFileType = sourcecode.c.h; path = DemoVC2Cell.h; sourceTree = "<group>"; };
		C3068BFC1C841CA800F88455 /* DemoVC2Cell.m */ = {isa = PBXFileReference; fileEncoding = 4; lastKnownFileType = sourcecode.c.objc; path = DemoVC2Cell.m; sourceTree = "<group>"; };
		C3068BFE1C841D8E00F88455 /* DemoVC3.h */ = {isa = PBXFileReference; fileEncoding = 4; lastKnownFileType = sourcecode.c.h; path = DemoVC3.h; sourceTree = "<group>"; };
		C3068BFF1C841D8E00F88455 /* DemoVC3.m */ = {isa = PBXFileReference; fileEncoding = 4; lastKnownFileType = sourcecode.c.objc; path = DemoVC3.m; sourceTree = "<group>"; };
		C3068C011C84203500F88455 /* DemoVC4.h */ = {isa = PBXFileReference; fileEncoding = 4; lastKnownFileType = sourcecode.c.h; path = DemoVC4.h; sourceTree = "<group>"; };
		C3068C021C84203500F88455 /* DemoVC4.m */ = {isa = PBXFileReference; fileEncoding = 4; lastKnownFileType = sourcecode.c.objc; path = DemoVC4.m; sourceTree = "<group>"; };
		C3068C051C8420F200F88455 /* DemoVC5.h */ = {isa = PBXFileReference; fileEncoding = 4; lastKnownFileType = sourcecode.c.h; path = DemoVC5.h; sourceTree = "<group>"; };
		C3068C061C8420F200F88455 /* DemoVC5.m */ = {isa = PBXFileReference; fileEncoding = 4; lastKnownFileType = sourcecode.c.objc; path = DemoVC5.m; sourceTree = "<group>"; };
		C3068C091C8426FA00F88455 /* a.gif */ = {isa = PBXFileReference; lastKnownFileType = image.gif; path = a.gif; sourceTree = "<group>"; };
		C3068C0A1C8426FA00F88455 /* b.gif */ = {isa = PBXFileReference; lastKnownFileType = image.gif; path = b.gif; sourceTree = "<group>"; };
		C3068C0B1C8426FA00F88455 /* c.gif */ = {isa = PBXFileReference; lastKnownFileType = image.gif; path = c.gif; sourceTree = "<group>"; };
		C3068C0F1C84271300F88455 /* README.md */ = {isa = PBXFileReference; fileEncoding = 4; lastKnownFileType = net.daringfireball.markdown; path = README.md; sourceTree = "<group>"; };
/* End PBXFileReference section */

/* Begin PBXFrameworksBuildPhase section */
		C3068BC61C8418F000F88455 /* Frameworks */ = {
			isa = PBXFrameworksBuildPhase;
			buildActionMask = 2147483647;
			files = (
			);
			runOnlyForDeploymentPostprocessing = 0;
		};
/* End PBXFrameworksBuildPhase section */

/* Begin PBXGroup section */
		C3068BC01C8418F000F88455 = {
			isa = PBXGroup;
			children = (
				C3068C0F1C84271300F88455 /* README.md */,
				C3068C081C8426FA00F88455 /* Gif */,
				C3068BE31C84192C00F88455 /* WHC_AutoLayoutKit */,
				C3068BCB1C8418F000F88455 /* WHC_AutoLayoutExample */,
				C3068BCA1C8418F000F88455 /* Products */,
			);
			sourceTree = "<group>";
		};
		C3068BCA1C8418F000F88455 /* Products */ = {
			isa = PBXGroup;
			children = (
				C3068BC91C8418F000F88455 /* WHC_AutoLayoutExample.app */,
			);
			name = Products;
			sourceTree = "<group>";
		};
		C3068BCB1C8418F000F88455 /* WHC_AutoLayoutExample */ = {
			isa = PBXGroup;
			children = (
				C3068BF11C841B3B00F88455 /* Demo1 */,
				C3068BF21C841B3B00F88455 /* Demo2 */,
				C3068BF31C841B3B00F88455 /* Demo3 */,
				C3068BF41C841B3B00F88455 /* Demo4 */,
				C3068C041C8420DE00F88455 /* Demo5 */,
				C3068BD01C8418F000F88455 /* AppDelegate.m */,
				C3068BCF1C8418F000F88455 /* AppDelegate.h */,
				C3068BEA1C8419A400F88455 /* MainVC */,
				C3068BD81C8418F000F88455 /* Assets.xcassets */,
				C3068BDA1C8418F000F88455 /* LaunchScreen.storyboard */,
				C3068BDD1C8418F000F88455 /* Info.plist */,
				C3068BCC1C8418F000F88455 /* Supporting Files */,
			);
			path = WHC_AutoLayoutExample;
			sourceTree = "<group>";
		};
		C3068BCC1C8418F000F88455 /* Supporting Files */ = {
			isa = PBXGroup;
			children = (
				C3068BCD1C8418F000F88455 /* main.m */,
			);
			name = "Supporting Files";
			sourceTree = "<group>";
		};
		C3068BE31C84192C00F88455 /* WHC_AutoLayoutKit */ = {
			isa = PBXGroup;
			children = (
				C3068BE41C84192C00F88455 /* UITableViewCell+WHC_AutoHeightForCell.h */,
				C3068BE51C84192C00F88455 /* UITableViewCell+WHC_AutoHeightForCell.m */,
				C3068BE61C84192C00F88455 /* UIView+WHC_AutoLayout.h */,
				C3068BE71C84192C00F88455 /* UIView+WHC_AutoLayout.m */,
			);
			path = WHC_AutoLayoutKit;
			sourceTree = "<group>";
		};
		C3068BEA1C8419A400F88455 /* MainVC */ = {
			isa = PBXGroup;
			children = (
				C3068BEB1C8419A400F88455 /* MainVC.h */,
				C3068BEC1C8419A400F88455 /* MainVC.m */,
				C3068BED1C8419A400F88455 /* MainVCCell.h */,
				C3068BEE1C8419A400F88455 /* MainVCCell.m */,
			);
			path = MainVC;
			sourceTree = "<group>";
		};
		C3068BF11C841B3B00F88455 /* Demo1 */ = {
			isa = PBXGroup;
			children = (
				C3068BF51C841B5000F88455 /* DemoVC1.h */,
				C3068BF61C841B5000F88455 /* DemoVC1.m */,
			);
			path = Demo1;
			sourceTree = "<group>";
		};
		C3068BF21C841B3B00F88455 /* Demo2 */ = {
			isa = PBXGroup;
			children = (
				C3068BF81C841C4D00F88455 /* DemoVC2.h */,
				C3068BF91C841C4D00F88455 /* DemoVC2.m */,
				C3068BFB1C841CA800F88455 /* DemoVC2Cell.h */,
				C3068BFC1C841CA800F88455 /* DemoVC2Cell.m */,
			);
			path = Demo2;
			sourceTree = "<group>";
		};
		C3068BF31C841B3B00F88455 /* Demo3 */ = {
			isa = PBXGroup;
			children = (
				C3068BFE1C841D8E00F88455 /* DemoVC3.h */,
				C3068BFF1C841D8E00F88455 /* DemoVC3.m */,
			);
			path = Demo3;
			sourceTree = "<group>";
		};
		C3068BF41C841B3B00F88455 /* Demo4 */ = {
			isa = PBXGroup;
			children = (
				C3068C011C84203500F88455 /* DemoVC4.h */,
				C3068C021C84203500F88455 /* DemoVC4.m */,
			);
			path = Demo4;
			sourceTree = "<group>";
		};
		C3068C041C8420DE00F88455 /* Demo5 */ = {
			isa = PBXGroup;
			children = (
				C3068C051C8420F200F88455 /* DemoVC5.h */,
				C3068C061C8420F200F88455 /* DemoVC5.m */,
			);
			path = Demo5;
			sourceTree = "<group>";
		};
		C3068C081C8426FA00F88455 /* Gif */ = {
			isa = PBXGroup;
			children = (
				C3068C091C8426FA00F88455 /* a.gif */,
				C3068C0A1C8426FA00F88455 /* b.gif */,
				C3068C0B1C8426FA00F88455 /* c.gif */,
			);
			path = Gif;
			sourceTree = "<group>";
		};
/* End PBXGroup section */

/* Begin PBXNativeTarget section */
		C3068BC81C8418F000F88455 /* WHC_AutoLayoutExample */ = {
			isa = PBXNativeTarget;
			buildConfigurationList = C3068BE01C8418F000F88455 /* Build configuration list for PBXNativeTarget "WHC_AutoLayoutExample" */;
			buildPhases = (
				C3068BC51C8418F000F88455 /* Sources */,
				C3068BC61C8418F000F88455 /* Frameworks */,
				C3068BC71C8418F000F88455 /* Resources */,
			);
			buildRules = (
			);
			dependencies = (
			);
			name = WHC_AutoLayoutExample;
			productName = WHC_AutoLayoutExample;
			productReference = C3068BC91C8418F000F88455 /* WHC_AutoLayoutExample.app */;
			productType = "com.apple.product-type.application";
		};
/* End PBXNativeTarget section */

/* Begin PBXProject section */
		C3068BC11C8418F000F88455 /* Project object */ = {
			isa = PBXProject;
			attributes = {
				LastUpgradeCheck = 0720;
				ORGANIZATIONNAME = "吴海超";
				TargetAttributes = {
					C3068BC81C8418F000F88455 = {
						CreatedOnToolsVersion = 7.2;
					};
				};
			};
			buildConfigurationList = C3068BC41C8418F000F88455 /* Build configuration list for PBXProject "WHC_AutoLayoutExample" */;
			compatibilityVersion = "Xcode 3.2";
			developmentRegion = English;
			hasScannedForEncodings = 0;
			knownRegions = (
				en,
				Base,
			);
			mainGroup = C3068BC01C8418F000F88455;
			productRefGroup = C3068BCA1C8418F000F88455 /* Products */;
			projectDirPath = "";
			projectRoot = "";
			targets = (
				C3068BC81C8418F000F88455 /* WHC_AutoLayoutExample */,
			);
		};
/* End PBXProject section */

/* Begin PBXResourcesBuildPhase section */
		C3068BC71C8418F000F88455 /* Resources */ = {
			isa = PBXResourcesBuildPhase;
			buildActionMask = 2147483647;
			files = (
				C3068C0C1C8426FA00F88455 /* a.gif in Resources */,
				C3068BDC1C8418F000F88455 /* LaunchScreen.storyboard in Resources */,
				C3068BD91C8418F000F88455 /* Assets.xcassets in Resources */,
				C3068C0E1C8426FA00F88455 /* c.gif in Resources */,
				C3068C0D1C8426FA00F88455 /* b.gif in Resources */,
			);
			runOnlyForDeploymentPostprocessing = 0;
		};
/* End PBXResourcesBuildPhase section */

/* Begin PBXSourcesBuildPhase section */
		C3068BC51C8418F000F88455 /* Sources */ = {
			isa = PBXSourcesBuildPhase;
			buildActionMask = 2147483647;
			files = (
				C3068C071C8420F200F88455 /* DemoVC5.m in Sources */,
				C3068BE81C84192C00F88455 /* UITableViewCell+WHC_AutoHeightForCell.m in Sources */,
				C3068BF01C8419A400F88455 /* MainVCCell.m in Sources */,
				C3068BF71C841B5000F88455 /* DemoVC1.m in Sources */,
				C3068C101C84271300F88455 /* README.md in Sources */,
				C3068C001C841D8E00F88455 /* DemoVC3.m in Sources */,
				C3068C031C84203500F88455 /* DemoVC4.m in Sources */,
				C3068BD11C8418F000F88455 /* AppDelegate.m in Sources */,
				C3068BFA1C841C4D00F88455 /* DemoVC2.m in Sources */,
				C3068BFD1C841CA800F88455 /* DemoVC2Cell.m in Sources */,
				C3068BE91C84192C00F88455 /* UIView+WHC_AutoLayout.m in Sources */,
				C3068BEF1C8419A400F88455 /* MainVC.m in Sources */,
				C3068BCE1C8418F000F88455 /* main.m in Sources */,
			);
			runOnlyForDeploymentPostprocessing = 0;
		};
/* End PBXSourcesBuildPhase section */

/* Begin PBXVariantGroup section */
		C3068BDA1C8418F000F88455 /* LaunchScreen.storyboard */ = {
			isa = PBXVariantGroup;
			children = (
				C3068BDB1C8418F000F88455 /* Base */,
			);
			name = LaunchScreen.storyboard;
			sourceTree = "<group>";
		};
/* End PBXVariantGroup section */

/* Begin XCBuildConfiguration section */
		C3068BDE1C8418F000F88455 /* Debug */ = {
			isa = XCBuildConfiguration;
			buildSettings = {
				ALWAYS_SEARCH_USER_PATHS = NO;
				CLANG_CXX_LANGUAGE_STANDARD = "gnu++0x";
				CLANG_CXX_LIBRARY = "libc++";
				CLANG_ENABLE_MODULES = YES;
				CLANG_ENABLE_OBJC_ARC = YES;
				CLANG_WARN_BOOL_CONVERSION = YES;
				CLANG_WARN_CONSTANT_CONVERSION = YES;
				CLANG_WARN_DIRECT_OBJC_ISA_USAGE = YES_ERROR;
				CLANG_WARN_EMPTY_BODY = YES;
				CLANG_WARN_ENUM_CONVERSION = YES;
				CLANG_WARN_INT_CONVERSION = YES;
				CLANG_WARN_OBJC_ROOT_CLASS = YES_ERROR;
				CLANG_WARN_UNREACHABLE_CODE = YES;
				CLANG_WARN__DUPLICATE_METHOD_MATCH = YES;
				"CODE_SIGN_IDENTITY[sdk=iphoneos*]" = "iPhone Developer";
				COPY_PHASE_STRIP = NO;
				DEBUG_INFORMATION_FORMAT = dwarf;
				ENABLE_STRICT_OBJC_MSGSEND = YES;
				ENABLE_TESTABILITY = YES;
				GCC_C_LANGUAGE_STANDARD = gnu99;
				GCC_DYNAMIC_NO_PIC = NO;
				GCC_NO_COMMON_BLOCKS = YES;
				GCC_OPTIMIZATION_LEVEL = 0;
				GCC_PREPROCESSOR_DEFINITIONS = (
					"DEBUG=1",
					"$(inherited)",
				);
				GCC_WARN_64_TO_32_BIT_CONVERSION = YES;
				GCC_WARN_ABOUT_RETURN_TYPE = YES_ERROR;
				GCC_WARN_UNDECLARED_SELECTOR = YES;
				GCC_WARN_UNINITIALIZED_AUTOS = YES_AGGRESSIVE;
				GCC_WARN_UNUSED_FUNCTION = YES;
				GCC_WARN_UNUSED_VARIABLE = YES;
				IPHONEOS_DEPLOYMENT_TARGET = 7.0;
				MTL_ENABLE_DEBUG_INFO = YES;
				ONLY_ACTIVE_ARCH = YES;
				SDKROOT = iphoneos;
			};
			name = Debug;
		};
		C3068BDF1C8418F000F88455 /* Release */ = {
			isa = XCBuildConfiguration;
			buildSettings = {
				ALWAYS_SEARCH_USER_PATHS = NO;
				CLANG_CXX_LANGUAGE_STANDARD = "gnu++0x";
				CLANG_CXX_LIBRARY = "libc++";
				CLANG_ENABLE_MODULES = YES;
				CLANG_ENABLE_OBJC_ARC = YES;
				CLANG_WARN_BOOL_CONVERSION = YES;
				CLANG_WARN_CONSTANT_CONVERSION = YES;
				CLANG_WARN_DIRECT_OBJC_ISA_USAGE = YES_ERROR;
				CLANG_WARN_EMPTY_BODY = YES;
				CLANG_WARN_ENUM_CONVERSION = YES;
				CLANG_WARN_INT_CONVERSION = YES;
				CLANG_WARN_OBJC_ROOT_CLASS = YES_ERROR;
				CLANG_WARN_UNREACHABLE_CODE = YES;
				CLANG_WARN__DUPLICATE_METHOD_MATCH = YES;
				"CODE_SIGN_IDENTITY[sdk=iphoneos*]" = "iPhone Developer";
				COPY_PHASE_STRIP = NO;
				DEBUG_INFORMATION_FORMAT = "dwarf-with-dsym";
				ENABLE_NS_ASSERTIONS = NO;
				ENABLE_STRICT_OBJC_MSGSEND = YES;
				GCC_C_LANGUAGE_STANDARD = gnu99;
				GCC_NO_COMMON_BLOCKS = YES;
				GCC_WARN_64_TO_32_BIT_CONVERSION = YES;
				GCC_WARN_ABOUT_RETURN_TYPE = YES_ERROR;
				GCC_WARN_UNDECLARED_SELECTOR = YES;
				GCC_WARN_UNINITIALIZED_AUTOS = YES_AGGRESSIVE;
				GCC_WARN_UNUSED_FUNCTION = YES;
				GCC_WARN_UNUSED_VARIABLE = YES;
				IPHONEOS_DEPLOYMENT_TARGET = 7.0;
				MTL_ENABLE_DEBUG_INFO = NO;
				SDKROOT = iphoneos;
				VALIDATE_PRODUCT = YES;
			};
			name = Release;
		};
		C3068BE11C8418F000F88455 /* Debug */ = {
			isa = XCBuildConfiguration;
			buildSettings = {
				ASSETCATALOG_COMPILER_APPICON_NAME = AppIcon;
				INFOPLIST_FILE = WHC_AutoLayoutExample/Info.plist;
				IPHONEOS_DEPLOYMENT_TARGET = 7.0;
				LD_RUNPATH_SEARCH_PATHS = "$(inherited) @executable_path/Frameworks";
				PRODUCT_BUNDLE_IDENTIFIER = "---.WHC-AutoLayoutExample";
				PRODUCT_NAME = "$(TARGET_NAME)";
			};
			name = Debug;
		};
		C3068BE21C8418F000F88455 /* Release */ = {
			isa = XCBuildConfiguration;
			buildSettings = {
				ASSETCATALOG_COMPILER_APPICON_NAME = AppIcon;
				INFOPLIST_FILE = WHC_AutoLayoutExample/Info.plist;
				IPHONEOS_DEPLOYMENT_TARGET = 7.0;
				LD_RUNPATH_SEARCH_PATHS = "$(inherited) @executable_path/Frameworks";
				PRODUCT_BUNDLE_IDENTIFIER = "---.WHC-AutoLayoutExample";
				PRODUCT_NAME = "$(TARGET_NAME)";
			};
			name = Release;
		};
/* End XCBuildConfiguration section */

/* Begin XCConfigurationList section */
		C3068BC41C8418F000F88455 /* Build configuration list for PBXProject "WHC_AutoLayoutExample" */ = {
			isa = XCConfigurationList;
			buildConfigurations = (
				C3068BDE1C8418F000F88455 /* Debug */,
				C3068BDF1C8418F000F88455 /* Release */,
			);
			defaultConfigurationIsVisible = 0;
			defaultConfigurationName = Release;
		};
		C3068BE01C8418F000F88455 /* Build configuration list for PBXNativeTarget "WHC_AutoLayoutExample" */ = {
			isa = XCConfigurationList;
			buildConfigurations = (
				C3068BE11C8418F000F88455 /* Debug */,
				C3068BE21C8418F000F88455 /* Release */,
			);
			defaultConfigurationIsVisible = 0;
		};
/* End XCConfigurationList section */
	};
	rootObject = C3068BC11C8418F000F88455 /* Project object */;
}
